{
  "name": "react-ui",
  "version": "0.1.0",
  "lockfileVersion": 1,
  "requires": true,
  "dependencies": {
    "asap": {
      "version": "2.0.6",
      "resolved": "https://registry.npmjs.org/asap/-/asap-2.0.6.tgz",
      "integrity": "sha1-5QNHYR1+aQlDIIu9r+vLwvuGbUY="
    },
    "babel-plugin-transform-runtime": {
      "version": "6.23.0",
      "resolved": "https://registry.npmjs.org/babel-plugin-transform-runtime/-/babel-plugin-transform-runtime-6.23.0.tgz",
      "integrity": "sha1-iEkNRGUC6puOfvsP4J7E2ZR5se4=",
      "requires": {
        "babel-runtime": "^6.22.0"
      }
    },
    "babel-runtime": {
      "version": "6.26.0",
      "resolved": "https://registry.npmjs.org/babel-runtime/-/babel-runtime-6.26.0.tgz",
      "integrity": "sha1-llxwWGaOgrVde/4E/yM3vItWR/4=",
      "requires": {
        "core-js": "^2.4.0",
        "regenerator-runtime": "^0.11.0"
      }
    },
    "boom": {
      "version": "7.2.0",
      "resolved": "https://registry.npmjs.org/boom/-/boom-7.2.0.tgz",
      "integrity": "sha1-K/8kpVVldn/ehp7ICDF+sQxI6WY=",
      "requires": {
        "hoek": "5.x.x"
      }
    },
    "bowser": {
      "version": "1.9.3",
      "resolved": "https://registry.npmjs.org/bowser/-/bowser-1.9.3.tgz",
      "integrity": "sha512-/gp96UlcFw5DbV2KQPCqTqi0Mb9gZRyDAHiDsGEH+4B/KOQjeoE5lM1PxlVX8DQDvfEfitmC1rW2Oy8fk/XBDg=="
    },
    "chain-function": {
      "version": "1.0.0",
      "resolved": "https://registry.npmjs.org/chain-function/-/chain-function-1.0.0.tgz",
      "integrity": "sha1-DUqzfn4Y6tC9xHuSB2QRjOWHM9w="
    },
    "change-emitter": {
      "version": "0.1.6",
      "resolved": "https://registry.npmjs.org/change-emitter/-/change-emitter-0.1.6.tgz",
      "integrity": "sha1-6LL+PX8at9aaMhma/5HqaTFAlRU="
    },
    "classnames": {
      "version": "2.2.6",
      "resolved": "https://registry.npmjs.org/classnames/-/classnames-2.2.6.tgz",
      "integrity": "sha512-JR/iSQOSt+LQIWwrwEzJ9uk0xfN3mTVYMwt1Ir5mUcSN6pU+V4zQFFaJsclJbPuAUQH+yfWef6tm7l1quW3C8Q=="
    },
    "core-js": {
      "version": "2.5.3",
      "resolved": "https://registry.npmjs.org/core-js/-/core-js-2.5.3.tgz",
      "integrity": "sha1-isw4NFgk8W2DZbfJtCWRaOjtYD4="
    },
    "cryptiles": {
      "version": "4.1.2",
      "resolved": "https://registry.npmjs.org/cryptiles/-/cryptiles-4.1.2.tgz",
      "integrity": "sha512-U2ALcoAHvA1oO2xOreyHvtkQ+IELqDG2WVWRI1GH/XEmmfGIOalnM5MU5Dd2ITyWfr3m6kNqXiy8XuYyd4wKJw==",
      "requires": {
        "boom": "7.x.x"
      }
    },
    "css-box-model": {
      "version": "0.0.12",
      "resolved": "https://registry.npmjs.org/css-box-model/-/css-box-model-0.0.12.tgz",
      "integrity": "sha512-9mIf6mJtgXJhsSHSCR+K18eoxsgXx2h0MOXhGBf0ObTPg4ciuD8R7wpLuS+YYxkrxcnMG+AsOgQ2OHGKMpvxOg=="
    },
    "css-in-js-utils": {
      "version": "2.0.1",
      "resolved": "https://registry.npmjs.org/css-in-js-utils/-/css-in-js-utils-2.0.1.tgz",
      "integrity": "sha512-PJF0SpJT+WdbVVt0AOYp9C8GnuruRlL/UFW7932nLWmFLQTaWEzTBQEx7/hn4BuV+WON75iAViSUJLiU3PKbpA==",
      "requires": {
        "hyphenate-style-name": "^1.0.2",
        "isobject": "^3.0.1"
      }
    },
    "d3-array": {
      "version": "1.2.1",
      "resolved": "https://registry.npmjs.org/d3-array/-/d3-array-1.2.1.tgz",
      "integrity": "sha512-CyINJQ0SOUHojDdFDH4JEM0552vCR1utGyLHegJHyYH0JyCpSeTPxi4OBqHMA2jJZq4NH782LtaJWBImqI/HBw=="
    },
    "d3-collection": {
      "version": "1.0.4",
      "resolved": "https://registry.npmjs.org/d3-collection/-/d3-collection-1.0.4.tgz",
      "integrity": "sha1-NC39EoN8kJdPM/HMCnha6lcNzcI="
    },
    "d3-color": {
      "version": "1.2.0",
      "resolved": "https://registry.npmjs.org/d3-color/-/d3-color-1.2.0.tgz",
      "integrity": "sha512-dmL9Zr/v39aSSMnLOTd58in2RbregCg4UtGyUArvEKTTN6S3HKEy+ziBWVYo9PTzRyVW+pUBHUtRKz0HYX+SQg=="
    },
    "d3-ease": {
      "version": "1.0.3",
      "resolved": "https://registry.npmjs.org/d3-ease/-/d3-ease-1.0.3.tgz",
      "integrity": "sha1-aL+8NJM4o4DETYrMT7wzBKotjA4="
    },
    "d3-format": {
      "version": "1.3.0",
      "resolved": "https://registry.npmjs.org/d3-format/-/d3-format-1.3.0.tgz",
      "integrity": "sha512-ycfLEIzHVZC3rOvuBOKVyQXSiUyCDjeAPIj9n/wugrr+s5AcTQC2Bz6aKkubG7rQaQF0SGW/OV4UEJB9nfioFg=="
    },
    "d3-hierarchy": {
      "version": "1.1.6",
      "resolved": "https://registry.npmjs.org/d3-hierarchy/-/d3-hierarchy-1.1.6.tgz",
      "integrity": "sha512-nn4bhBnwWnMSoZgkBXD7vRyZ0xVUsNMQRKytWYHhP1I4qHw+qzApCTgSQTZqMdf4XXZbTMqA59hFusga+THA/g=="
    },
    "d3-interpolate": {
      "version": "1.2.0",
      "resolved": "https://registry.npmjs.org/d3-interpolate/-/d3-interpolate-1.2.0.tgz",
      "integrity": "sha512-zLvTk8CREPFfc/2XglPQriAsXkzoRDAyBzndtKJWrZmHw7kmOWHNS11e40kPTd/oGk8P5mFJW5uBbcFQ+ybxyA==",
      "requires": {
        "d3-color": "1"
      }
    },
    "d3-path": {
      "version": "1.0.5",
      "resolved": "https://registry.npmjs.org/d3-path/-/d3-path-1.0.5.tgz",
      "integrity": "sha1-JB6xhJvZ6egCHA0KeZ+KDo5EF2Q="
    },
    "d3-scale": {
      "version": "1.0.7",
      "resolved": "https://registry.npmjs.org/d3-scale/-/d3-scale-1.0.7.tgz",
      "integrity": "sha512-KvU92czp2/qse5tUfGms6Kjig0AhHOwkzXG0+PqIJB3ke0WUv088AHMZI0OssO9NCkXt4RP8yju9rpH8aGB7Lw==",
      "requires": {
        "d3-array": "^1.2.0",
        "d3-collection": "1",
        "d3-color": "1",
        "d3-format": "1",
        "d3-interpolate": "1",
        "d3-time": "1",
        "d3-time-format": "2"
      }
    },
    "d3-shape": {
      "version": "1.2.0",
      "resolved": "https://registry.npmjs.org/d3-shape/-/d3-shape-1.2.0.tgz",
      "integrity": "sha1-RdAVOPBkuv0F6j1tLLdI/YxB93c=",
      "requires": {
        "d3-path": "1"
      }
    },
    "d3-time": {
      "version": "1.0.8",
      "resolved": "https://registry.npmjs.org/d3-time/-/d3-time-1.0.8.tgz",
      "integrity": "sha512-YRZkNhphZh3KcnBfitvF3c6E0JOFGikHZ4YqD+Lzv83ZHn1/u6yGenRU1m+KAk9J1GnZMnKcrtfvSktlA1DXNQ=="
    },
    "d3-time-format": {
      "version": "2.1.1",
      "resolved": "https://registry.npmjs.org/d3-time-format/-/d3-time-format-2.1.1.tgz",
      "integrity": "sha512-8kAkymq2WMfzW7e+s/IUNAtN/y3gZXGRrdGfo6R8NKPAA85UBTxZg5E61bR6nLwjPjj4d3zywSQe1CkYLPFyrw==",
      "requires": {
        "d3-time": "1"
      }
    },
    "d3-timer": {
      "version": "1.0.7",
      "resolved": "https://registry.npmjs.org/d3-timer/-/d3-timer-1.0.7.tgz",
      "integrity": "sha512-vMZXR88XujmG/L5oB96NNKH5lCWwiLM/S2HyyAQLcjWJCloK5shxta4CwOFYLZoY3AWX73v8Lgv4cCAdWtRmOA=="
    },
    "d3-voronoi": {
      "version": "1.1.2",
      "resolved": "https://registry.npmjs.org/d3-voronoi/-/d3-voronoi-1.1.2.tgz",
      "integrity": "sha1-Fodmfo8TotFYyAwUgMWinLDYlzw="
    },
    "deep-diff": {
      "version": "0.3.8",
      "resolved": "https://registry.npmjs.org/deep-diff/-/deep-diff-0.3.8.tgz",
      "integrity": "sha1-wB3mPvsO7JeYgB1Ax+Da4ltYLIQ=",
      "dev": true
    },
    "dom-helpers": {
      "version": "3.3.1",
      "resolved": "https://registry.npmjs.org/dom-helpers/-/dom-helpers-3.3.1.tgz",
      "integrity": "sha512-2Sm+JaYn74OiTM2wHvxJOo3roiq/h25Yi69Fqk269cNUwIXsCvATB6CRSFC9Am/20G2b28hGv/+7NiWydIrPvg=="
    },
    "element-resize-event": {
      "version": "2.0.9",
      "resolved": "https://registry.npmjs.org/element-resize-event/-/element-resize-event-2.0.9.tgz",
      "integrity": "sha1-L14VgaKW61J1IQwUG8VjQuIY+HY="
    },
    "encoding": {
      "version": "0.1.12",
      "resolved": "https://registry.npmjs.org/encoding/-/encoding-0.1.12.tgz",
      "integrity": "sha1-U4tm8+5izRq1HsMjgp0flIDHS+s=",
      "requires": {
        "iconv-lite": "~0.4.13"
      }
    },
    "fbjs": {
      "version": "0.8.16",
      "resolved": "https://registry.npmjs.org/fbjs/-/fbjs-0.8.16.tgz",
      "integrity": "sha1-XmdDL1UNxBtXK/VYR7ispk5TN9s=",
      "requires": {
        "core-js": "^1.0.0",
        "isomorphic-fetch": "^2.1.1",
        "loose-envify": "^1.0.0",
        "object-assign": "^4.1.0",
        "promise": "^7.1.1",
        "setimmediate": "^1.0.5",
        "ua-parser-js": "^0.7.9"
      },
      "dependencies": {
        "core-js": {
          "version": "1.2.7",
          "resolved": "https://registry.npmjs.org/core-js/-/core-js-1.2.7.tgz",
          "integrity": "sha1-ZSKUwUZR2yj6k70tX/KYOk8IxjY="
        }
      }
    },
    "history": {
      "version": "4.7.2",
      "resolved": "https://registry.npmjs.org/history/-/history-4.7.2.tgz",
      "integrity": "sha512-1zkBRWW6XweO0NBcjiphtVJVsIQ+SXF29z9DVkceeaSLVMFXHool+fdCZD4spDCfZJCILPILc3bm7Bc+HRi0nA==",
      "requires": {
        "invariant": "^2.2.1",
        "loose-envify": "^1.2.0",
        "resolve-pathname": "^2.2.0",
        "value-equal": "^0.4.0",
        "warning": "^3.0.0"
      }
    },
    "hoek": {
      "version": "5.0.4",
      "resolved": "https://registry.npmjs.org/hoek/-/hoek-5.0.4.tgz",
      "integrity": "sha512-Alr4ZQgoMlnere5FZJsIyfIjORBqZll5POhDsF4q64dPuJR6rNxXdDxtHSQq8OXRurhmx+PWYEE8bXRROY8h0w=="
    },
    "hoist-non-react-statics": {
      "version": "2.3.1",
      "resolved": "https://registry.npmjs.org/hoist-non-react-statics/-/hoist-non-react-statics-2.3.1.tgz",
      "integrity": "sha1-ND24TGAYxlB3iJgkATWhQg7iLOA="
    },
    "hyphenate-style-name": {
      "version": "1.0.2",
      "resolved": "https://registry.npmjs.org/hyphenate-style-name/-/hyphenate-style-name-1.0.2.tgz",
      "integrity": "sha1-MRYKNpMK2vH8BMYHT360FGXU7Es="
    },
    "iconv-lite": {
      "version": "0.4.19",
      "resolved": "https://registry.npmjs.org/iconv-lite/-/iconv-lite-0.4.19.tgz",
      "integrity": "sha512-oTZqweIP51xaGPI4uPa56/Pri/480R+mo7SeU+YETByQNhDG55ycFyNLIgta9vXhILrxXDmF7ZGhqZIcuN0gJQ=="
    },
    "inline-style-prefixer": {
      "version": "3.0.8",
      "resolved": "https://registry.npmjs.org/inline-style-prefixer/-/inline-style-prefixer-3.0.8.tgz",
      "integrity": "sha1-hVG45bTVcyROZqNLBPfTIHaitTQ=",
      "requires": {
        "bowser": "^1.7.3",
        "css-in-js-utils": "^2.0.0"
      }
    },
    "invariant": {
      "version": "2.2.2",
      "resolved": "https://registry.npmjs.org/invariant/-/invariant-2.2.2.tgz",
      "integrity": "sha1-nh9WrArNtr8wMwbzOL47IErmA2A=",
      "requires": {
        "loose-envify": "^1.0.0"
      }
    },
    "is-stream": {
      "version": "1.1.0",
      "resolved": "https://registry.npmjs.org/is-stream/-/is-stream-1.1.0.tgz",
      "integrity": "sha1-EtSj3U5o4Lec6428hBc66A2RykQ="
    },
    "isobject": {
      "version": "3.0.1",
      "resolved": "https://registry.npmjs.org/isobject/-/isobject-3.0.1.tgz",
      "integrity": "sha1-TkMekrEalzFjaqH5yNHMvP2reN8="
    },
    "isomorphic-fetch": {
      "version": "2.2.1",
      "resolved": "https://registry.npmjs.org/isomorphic-fetch/-/isomorphic-fetch-2.2.1.tgz",
      "integrity": "sha1-YRrhrPFPXoH3KVB0coGf6XM1WKk=",
      "requires": {
        "node-fetch": "^1.0.1",
        "whatwg-fetch": ">=0.10.0"
      }
    },
    "js-tokens": {
      "version": "3.0.2",
      "resolved": "https://registry.npmjs.org/js-tokens/-/js-tokens-3.0.2.tgz",
      "integrity": "sha1-mGbfOVECEw449/mWvOtlRDIJwls="
    },
    "keycode": {
      "version": "2.1.9",
      "resolved": "https://registry.npmjs.org/keycode/-/keycode-2.1.9.tgz",
      "integrity": "sha1-lkojxU5IiUBbSGGlyfBIDUUUHfo="
    },
    "lodash": {
      "version": "4.17.10",
      "resolved": "https://registry.npmjs.org/lodash/-/lodash-4.17.10.tgz",
      "integrity": "sha512-UejweD1pDoXu+AD825lWwp4ZGtSwgnpZxb3JDViD7StjQz+Nb/6l093lx4OQ0foGWNRoc19mWy7BzL+UAK2iVg=="
    },
    "lodash.isplainobject": {
      "version": "4.0.6",
      "resolved": "https://registry.npmjs.org/lodash.isplainobject/-/lodash.isplainobject-4.0.6.tgz",
      "integrity": "sha1-fFJqUtibRcRcxpC4gWO+BJf1UMs="
    },
    "lodash.merge": {
      "version": "4.6.1",
      "resolved": "https://registry.npmjs.org/lodash.merge/-/lodash.merge-4.6.1.tgz",
      "integrity": "sha512-AOYza4+Hf5z1/0Hztxpm2/xiPZgi/cjMqdnKTUWTBSKchJlxXXuUSxCCl8rJlf4g6yww/j6mA8nC8Hw/EZWxKQ=="
    },
    "lodash.throttle": {
      "version": "4.1.1",
      "resolved": "https://registry.npmjs.org/lodash.throttle/-/lodash.throttle-4.1.1.tgz",
      "integrity": "sha1-wj6RtxAkKscMN/HhzaknTMOb8vQ="
    },
    "loose-envify": {
      "version": "1.3.1",
      "resolved": "https://registry.npmjs.org/loose-envify/-/loose-envify-1.3.1.tgz",
      "integrity": "sha1-0aitM/qc4OcT1l/dCsi3SNR4yEg=",
      "requires": {
        "js-tokens": "^3.0.0"
      }
    },
    "material-ui": {
      "version": "0.20.1",
      "resolved": "https://registry.npmjs.org/material-ui/-/material-ui-0.20.1.tgz",
      "integrity": "sha512-3EzMB3LWUONW0iETTGGSNOOw9NQWz5OmFJ7MbOJ0Y2zNOT2RFhYAXO/w3zs1fAxtXddl3MuqvYg9cW6ebooSUA==",
      "requires": {
        "babel-runtime": "^6.23.0",
        "inline-style-prefixer": "^3.0.8",
        "keycode": "^2.1.8",
        "lodash.merge": "^4.6.0",
        "lodash.throttle": "^4.1.1",
        "prop-types": "^15.5.7",
        "react-event-listener": "^0.5.1",
        "react-transition-group": "^1.2.1",
        "recompose": "^0.26.0",
        "simple-assign": "^0.1.0",
        "warning": "^3.0.0"
      }
    },
    "material-ui-search-bar": {
      "version": "0.4.1",
      "resolved": "https://registry.npmjs.org/material-ui-search-bar/-/material-ui-search-bar-0.4.1.tgz",
      "integrity": "sha512-plvMmfLCcRNaPG2Pr3XVwzMAeiG/0Cwlr4jeVw2qyac0aYSrDXQtuzRcS9U190UmMwJvlChIvZp6tBZwkTEvLw==",
      "requires": {
        "prop-types": "^15.5.8"
      }
    },
    "memoize-one": {
      "version": "3.1.1",
      "resolved": "https://registry.npmjs.org/memoize-one/-/memoize-one-3.1.1.tgz",
      "integrity": "sha512-YqVh744GsMlZu6xkhGslPSqSurOv6P+kLN2J3ysBZfagLcL5FdRK/0UpgLoL8hwjjEvvAVkjJZyFP+1T6p1vgA=="
    },
    "node-fetch": {
      "version": "1.7.3",
      "resolved": "https://registry.npmjs.org/node-fetch/-/node-fetch-1.7.3.tgz",
      "integrity": "sha512-NhZ4CsKx7cYm2vSrBAr2PvFOe6sWDf0UYLRqA6svUYg7+/TSfVAu49jYC4BvQ4Sms9SZgdqGBgroqfDhJdTyKQ==",
      "requires": {
        "encoding": "^0.1.11",
        "is-stream": "^1.0.1"
      }
    },
    "object-assign": {
      "version": "4.1.1",
      "resolved": "https://registry.npmjs.org/object-assign/-/object-assign-4.1.1.tgz",
      "integrity": "sha1-IQmtx5ZYh8/AXLvUQsrIv7s2CGM="
    },
    "path-to-regexp": {
      "version": "1.7.0",
      "resolved": "https://registry.npmjs.org/path-to-regexp/-/path-to-regexp-1.7.0.tgz",
      "integrity": "sha1-Wf3g9DW62suhA6hOnTvGTpa5k30=",
      "requires": {
        "isarray": "0.0.1"
      },
      "dependencies": {
        "isarray": {
          "version": "0.0.1",
          "resolved": "https://registry.npmjs.org/isarray/-/isarray-0.0.1.tgz",
          "integrity": "sha1-ihis/Kmo9Bd+Cav8YDiTmwXR7t8="
        }
      }
    },
    "performance-now": {
      "version": "0.2.0",
      "resolved": "https://registry.npmjs.org/performance-now/-/performance-now-0.2.0.tgz",
      "integrity": "sha1-M+8wxcd9TqIcWlOGnZG1bY8lVeU="
    },
    "promise": {
      "version": "7.3.1",
      "resolved": "https://registry.npmjs.org/promise/-/promise-7.3.1.tgz",
      "integrity": "sha512-nolQXZ/4L+bP/UGlkfaIujX9BKxGwmQ9OT4mOt5yvy8iK1h3wqTEJCijzGANTCCl9nWjY41juyAn2K3Q1hLLTg==",
      "requires": {
        "asap": "~2.0.3"
      }
    },
    "prop-types": {
      "version": "15.6.0",
      "resolved": "https://registry.npmjs.org/prop-types/-/prop-types-15.6.0.tgz",
      "integrity": "sha1-zq8IMCL8RrSjX2nhPvda7Q1jmFY=",
      "requires": {
        "fbjs": "^0.8.16",
        "loose-envify": "^1.3.1",
        "object-assign": "^4.1.1"
      }
    },
    "raf": {
      "version": "3.4.0",
      "resolved": "https://registry.npmjs.org/raf/-/raf-3.4.0.tgz",
      "integrity": "sha512-pDP/NMRAXoTfrhCfyfSEwJAKLaxBU9eApMeBPB1TkDouZmvPerIClV8lTAd+uF8ZiTaVl69e1FCxQrAd/VTjGw==",
      "requires": {
        "performance-now": "^2.1.0"
      },
      "dependencies": {
        "performance-now": {
          "version": "2.1.0",
          "resolved": "https://registry.npmjs.org/performance-now/-/performance-now-2.1.0.tgz",
          "integrity": "sha1-Ywn04OX6kT7BxpMHrjZLSzd8nns="
        }
      }
    },
    "raf-schd": {
      "version": "2.1.1",
      "resolved": "https://registry.npmjs.org/raf-schd/-/raf-schd-2.1.1.tgz",
      "integrity": "sha512-ngcBQygUeE3kHlOaBSqgWKv7BT9kx5kQ6fAwFJRNRT7TD54M+hx1kpNHb8sONRskcYQedJg2RC2xKlAHRUQBig=="
    },
    "randomcolor": {
      "version": "0.5.3",
      "resolved": "https://registry.npmjs.org/randomcolor/-/randomcolor-0.5.3.tgz",
      "integrity": "sha1-f5Dy8qf21aUiMhYe6u6uqaw7WBU="
    },
    "rc-progress": {
      "version": "2.2.5",
      "resolved": "https://registry.npmjs.org/rc-progress/-/rc-progress-2.2.5.tgz",
      "integrity": "sha1-5h0FRL+dQgjlujL8UJYhWef5UqM=",
      "requires": {
        "babel-runtime": "6.x",
        "prop-types": "^15.5.8"
      }
    },
    "react": {
      "version": "16.3.2",
      "resolved": "https://registry.npmjs.org/react/-/react-16.3.2.tgz",
      "integrity": "sha512-o5GPdkhciQ3cEph6qgvYB7LTOHw/GB0qRI6ZFNugj49qJCFfgHwVNjZ5u+b7nif4vOeMIOuYj3CeYe2IBD74lg==",
      "requires": {
        "fbjs": "^0.8.16",
        "loose-envify": "^1.1.0",
        "object-assign": "^4.1.1",
        "prop-types": "^15.6.0"
      }
    },
    "react-beautiful-dnd": {
      "version": "7.1.2",
      "resolved": "https://registry.npmjs.org/react-beautiful-dnd/-/react-beautiful-dnd-7.1.2.tgz",
      "integrity": "sha512-9gFO0q9sU+OxVGvFHzNXO8qZXWJGPplI6nEJasiMM3LoFvGijxBTlshSlNwE1ysBTkoYlcGz+Afd7ZoVkGDkHA==",
      "requires": {
        "babel-runtime": "^6.26.0",
        "css-box-model": "^0.0.12",
        "memoize-one": "^3.1.1",
        "prop-types": "^15.6.0",
        "raf-schd": "^2.1.1",
        "react-motion": "^0.5.2",
        "react-redux": "^5.0.7",
        "redux": "^4.0.0",
        "redux-thunk": "^2.2.0",
        "reselect": "^3.0.1",
        "tiny-invariant": "^0.0.3"
      }
    },
    "react-dimensions": {
      "version": "1.3.1",
      "resolved": "https://registry.npmjs.org/react-dimensions/-/react-dimensions-1.3.1.tgz",
      "integrity": "sha512-go5vMuGUxaB5PiTSIk+ZfAxLbHwcIgIfLhkBZ2SIMQjaCgnpttxa30z5ijEzfDjeOCTGRpxvkzcmE4Vt4Ppvyw==",
      "requires": {
        "element-resize-event": "^2.0.4"
      }
    },
    "react-dom": {
      "version": "16.3.2",
      "resolved": "https://registry.npmjs.org/react-dom/-/react-dom-16.3.2.tgz",
      "integrity": "sha512-MMPko3zYncNrz/7gG17wJWUREZDvskZHXOwbttzl0F0L3wDmToyuETuo/r8Y5yvDejwYcRyWI1lvVBjLJWFwKA==",
      "requires": {
        "fbjs": "^0.8.16",
        "loose-envify": "^1.1.0",
        "object-assign": "^4.1.1",
        "prop-types": "^15.6.0"
      }
    },
    "react-event-listener": {
      "version": "0.5.3",
      "resolved": "https://registry.npmjs.org/react-event-listener/-/react-event-listener-0.5.3.tgz",
      "integrity": "sha512-fTGYvhe7eTsqq0m664Km0rxKQcqLIGZWZINmy1LU0fu312tay8Mt3Twq2P5Xj1dfDVvvzT1Ql3/FDkiMPJ1MOg==",
      "requires": {
        "babel-runtime": "^6.26.0",
        "fbjs": "^0.8.16",
        "prop-types": "^15.6.0",
        "warning": "^3.0.0"
      }
    },
    "react-facebook-login": {
      "version": "4.0.1",
      "resolved": "https://registry.npmjs.org/react-facebook-login/-/react-facebook-login-4.0.1.tgz",
      "integrity": "sha512-DQlkvFE31xv+Xu9kLfqu3m4QA7dAs3T6YcYU42ibIbW7LeX/2iHNbvXaP00sGfVyK+0k3t103eC4rx+N64qIEw=="
    },
    "react-fast-compare": {
      "version": "2.0.1",
      "resolved": "https://registry.npmjs.org/react-fast-compare/-/react-fast-compare-2.0.1.tgz",
      "integrity": "sha512-hfYjgGUulrMp5G9vQAlERmDKJhxyVtcmV23BSu9xDwcQMGcozZRe8+lMTPd5sfFEzYzHW62A7hKMRF0xVoQlGw=="
    },
    "react-fontawesome": {
      "version": "1.6.1",
      "resolved": "https://registry.npmjs.org/react-fontawesome/-/react-fontawesome-1.6.1.tgz",
      "integrity": "sha1-7dzhfn3HMaoJ/UoYZoimF5OhbFw=",
      "requires": {
        "prop-types": "^15.5.6"
      }
    },
    "react-lifecycles-compat": {
      "version": "3.0.4",
      "resolved": "https://registry.npmjs.org/react-lifecycles-compat/-/react-lifecycles-compat-3.0.4.tgz",
      "integrity": "sha512-fBASbA6LnOU9dOU2eW7aQ8xmYBSXUIWr+UmF9b1efZBazGNO+rcXT/icdKnYm2pTwcRylVUYwW7H1PHfLekVzA=="
    },
    "react-motion": {
      "version": "0.5.2",
      "resolved": "https://registry.npmjs.org/react-motion/-/react-motion-0.5.2.tgz",
      "integrity": "sha512-9q3YAvHoUiWlP3cK0v+w1N5Z23HXMj4IF4YuvjvWegWqNPfLXsOBE/V7UvQGpXxHFKRQQcNcVQE31g9SB/6qgQ==",
      "requires": {
        "performance-now": "^0.2.0",
        "prop-types": "^15.5.8",
        "raf": "^3.1.0"
      }
    },
    "react-redux": {
      "version": "5.0.7",
      "resolved": "https://registry.npmjs.org/react-redux/-/react-redux-5.0.7.tgz",
      "integrity": "sha512-5VI8EV5hdgNgyjfmWzBbdrqUkrVRKlyTKk1sGH3jzM2M2Mhj/seQgPXaz6gVAj2lz/nz688AdTqMO18Lr24Zhg==",
      "requires": {
        "hoist-non-react-statics": "^2.5.0",
        "invariant": "^2.0.0",
        "lodash": "^4.17.5",
        "lodash-es": "^4.17.5",
        "loose-envify": "^1.1.0",
        "prop-types": "^15.6.0"
      },
      "dependencies": {
        "hoist-non-react-statics": {
          "version": "2.5.0",
          "resolved": "https://registry.npmjs.org/hoist-non-react-statics/-/hoist-non-react-statics-2.5.0.tgz",
          "integrity": "sha512-6Bl6XsDT1ntE0lHbIhr4Kp2PGcleGZ66qu5Jqk8lc0Xc/IeG6gVLmwUGs/K0Us+L8VWoKgj0uWdPMataOsm31w=="
        },
        "lodash": {
          "version": "4.17.10",
          "resolved": "https://registry.npmjs.org/lodash/-/lodash-4.17.10.tgz",
          "integrity": "sha512-UejweD1pDoXu+AD825lWwp4ZGtSwgnpZxb3JDViD7StjQz+Nb/6l093lx4OQ0foGWNRoc19mWy7BzL+UAK2iVg=="
        },
        "lodash-es": {
          "version": "4.17.10",
          "resolved": "https://registry.npmjs.org/lodash-es/-/lodash-es-4.17.10.tgz",
          "integrity": "sha512-iesFYPmxYYGTcmQK0sL8bX3TGHyM6b2qREaB4kamHfQyfPJP0xgoGxp19nsH16nsfquLdiyKyX3mQkfiSGV8Rg=="
        }
      }
    },
    "react-router": {
      "version": "4.2.0",
      "resolved": "https://registry.npmjs.org/react-router/-/react-router-4.2.0.tgz",
      "integrity": "sha512-DY6pjwRhdARE4TDw7XjxjZsbx9lKmIcyZoZ+SDO7SBJ1KUeWNxT22Kara2AC7u6/c2SYEHlEDLnzBCcNhLE8Vg==",
      "requires": {
        "history": "^4.7.2",
        "hoist-non-react-statics": "^2.3.0",
        "invariant": "^2.2.2",
        "loose-envify": "^1.3.1",
        "path-to-regexp": "^1.7.0",
        "prop-types": "^15.5.4",
        "warning": "^3.0.0"
      }
    },
    "react-router-dom": {
      "version": "4.2.2",
      "resolved": "https://registry.npmjs.org/react-router-dom/-/react-router-dom-4.2.2.tgz",
      "integrity": "sha512-cHMFC1ZoLDfEaMFoKTjN7fry/oczMgRt5BKfMAkTu5zEuJvUiPp1J8d0eXSVTnBh6pxlbdqDhozunOOLtmKfPA==",
      "requires": {
        "history": "^4.7.2",
        "invariant": "^2.2.2",
        "loose-envify": "^1.3.1",
        "prop-types": "^15.5.4",
        "react-router": "^4.2.0",
        "warning": "^3.0.0"
      }
    },
    "react-star-ratings": {
      "version": "2.2.0",
      "resolved": "https://registry.npmjs.org/react-star-ratings/-/react-star-ratings-2.2.0.tgz",
      "integrity": "sha512-nNNDh2dmdUFpTnDsIIZaTs4G2Lyyy24e83LjnGEE8YVvZBl4ZGSIhseqB6HB3UiipKPTfAMRft1ge3w8xnnLNw==",
      "requires": {
        "classnames": "^2.2.1",
        "prop-types": "^15.6.0",
        "react": "^16.1.0"
      }
    },
    "react-swipeable-views": {
      "version": "0.12.13",
      "resolved": "https://registry.npmjs.org/react-swipeable-views/-/react-swipeable-views-0.12.13.tgz",
      "integrity": "sha512-1VjK1yfP292ISSIlOn8G6wBAFd4wKh6dKRa+/b44Oa80QrSJD/ZLeYjeACMbl4Rj0Yb3o1uVbVEOpml9+mDYKA==",
      "requires": {
        "babel-runtime": "^6.23.0",
        "dom-helpers": "^3.2.1",
        "prop-types": "^15.5.4",
        "react-swipeable-views-core": "^0.12.11",
        "react-swipeable-views-utils": "^0.12.13",
        "warning": "^3.0.0"
      }
    },
    "react-swipeable-views-core": {
      "version": "0.12.11",
      "resolved": "https://registry.npmjs.org/react-swipeable-views-core/-/react-swipeable-views-core-0.12.11.tgz",
      "integrity": "sha512-iQnQPFF10bx/xwIBhc0pVqMRS9i6c6rQp6ZRux7HUTFBk4BWcW7sNpmKRHSWv72nJnj+eF6jMrSSxZKhw8e8oA==",
      "requires": {
        "babel-runtime": "^6.23.0",
        "warning": "^3.0.0"
      }
    },
    "react-swipeable-views-utils": {
      "version": "0.12.13",
      "resolved": "https://registry.npmjs.org/react-swipeable-views-utils/-/react-swipeable-views-utils-0.12.13.tgz",
      "integrity": "sha512-RGd3KeQFaAaRdW7t4KjQGUXLYxLnvw4xbdytmN8gfb99eZ0Fyx17zQaUZa3DIqxREqiEpKzBXCjsPWeeKX5rtg==",
      "requires": {
        "babel-runtime": "^6.23.0",
        "fbjs": "^0.8.4",
        "keycode": "^2.1.7",
        "prop-types": "^15.6.0",
        "react-event-listener": "^0.5.1",
        "react-swipeable-views-core": "^0.12.11"
      }
    },
    "react-toastify": {
      "version": "4.2.0",
      "resolved": "https://registry.npmjs.org/react-toastify/-/react-toastify-4.2.0.tgz",
      "integrity": "sha512-a7sN13dJ2429j7fa8xbCtqZyNQUdMizC/7B9teOBgOF+5/Gvujj6y+PHP/08mdAsZbBQBj1EAVNBoG4lM7u26Q==",
      "requires": {
        "classnames": "^2.2.6",
        "prop-types": "^15.6.0",
        "react-transition-group": "^2.4.0"
      },
      "dependencies": {
        "react-transition-group": {
          "version": "2.4.0",
          "resolved": "https://registry.npmjs.org/react-transition-group/-/react-transition-group-2.4.0.tgz",
          "integrity": "sha512-Xv5d55NkJUxUzLCImGSanK8Cl/30sgpOEMGc5m86t8+kZwrPxPCPcFqyx83kkr+5Lz5gs6djuvE5By+gce+VjA==",
          "requires": {
            "dom-helpers": "^3.3.1",
            "loose-envify": "^1.3.1",
            "prop-types": "^15.6.2",
            "react-lifecycles-compat": "^3.0.4"
          },
          "dependencies": {
            "prop-types": {
              "version": "15.6.2",
              "resolved": "https://registry.npmjs.org/prop-types/-/prop-types-15.6.2.tgz",
              "integrity": "sha512-3pboPvLiWD7dkI3qf3KbUe6hKFKa52w+AE0VCqECtf+QHAKgOL37tTaNCnuX1nAAQ4ZhyP+kYVKf8rLmJ/feDQ==",
              "requires": {
                "loose-envify": "^1.3.1",
                "object-assign": "^4.1.1"
              }
            }
          }
        }
      }
    },
    "react-tooltip": {
      "version": "3.6.1",
      "resolved": "https://registry.npmjs.org/react-tooltip/-/react-tooltip-3.6.1.tgz",
      "integrity": "sha512-4NVjHNIx1ZazFYBNP044DHW0cr95Qaq0DSwWbrEQ7VyE8AxemHDjp0DoYvV8wilK9vR9jMlSwDW6ebRgbk3aHw==",
      "requires": {
        "classnames": "^2.2.5",
        "prop-types": "^15.6.0"
      }
    },
    "react-transition-group": {
      "version": "1.2.1",
      "resolved": "https://registry.npmjs.org/react-transition-group/-/react-transition-group-1.2.1.tgz",
      "integrity": "sha512-CWaL3laCmgAFdxdKbhhps+c0HRGF4c+hdM4H23+FI1QBNUyx/AMeIJGWorehPNSaKnQNOAxL7PQmqMu78CDj3Q==",
      "requires": {
        "chain-function": "^1.0.0",
        "dom-helpers": "^3.2.0",
        "loose-envify": "^1.3.1",
        "prop-types": "^15.5.6",
        "warning": "^3.0.0"
      }
    },
    "react-tree-graph": {
      "version": "3.1.1",
      "resolved": "https://registry.npmjs.org/react-tree-graph/-/react-tree-graph-3.1.1.tgz",
      "integrity": "sha512-rxQriRaY/i4b7RSzKhiWFcYV4vfjPp3BP7swLCh9dRX3g4pWzY5xf2gz8IO91kbzJIjT0w4HPsJ0VKDW8WX/9g==",
      "requires": {
        "clone": "^2.1.1",
        "core-js": "^2.5.0",
        "d3-ease": "^1.0.3",
        "d3-hierarchy": "^1.1.5",
        "prop-types": "^15.5.7"
      },
      "dependencies": {
        "clone": {
          "version": "2.1.1",
          "resolved": "https://registry.npmjs.org/clone/-/clone-2.1.1.tgz",
          "integrity": "sha1-0hfR6WERjjrJpLi7oyhVU79kfNs="
        }
      }
    },
    "recompose": {
      "version": "0.26.0",
      "resolved": "https://registry.npmjs.org/recompose/-/recompose-0.26.0.tgz",
      "integrity": "sha512-KwOu6ztO0mN5vy3+zDcc45lgnaUoaQse/a5yLVqtzTK13czSWnFGmXbQVmnoMgDkI5POd1EwIKSbjU1V7xdZog==",
      "requires": {
        "change-emitter": "^0.1.2",
        "fbjs": "^0.8.1",
        "hoist-non-react-statics": "^2.3.1",
        "symbol-observable": "^1.0.4"
      }
    },
    "redux": {
      "version": "4.0.0",
      "resolved": "https://registry.npmjs.org/redux/-/redux-4.0.0.tgz",
      "integrity": "sha512-NnnHF0h0WVE/hXyrB6OlX67LYRuaf/rJcbWvnHHEPCF/Xa/AZpwhs/20WyqzQae5x4SD2F9nPObgBh2rxAgLiA==",
      "requires": {
        "loose-envify": "^1.1.0",
        "symbol-observable": "^1.2.0"
      },
      "dependencies": {
        "symbol-observable": {
          "version": "1.2.0",
          "resolved": "https://registry.npmjs.org/symbol-observable/-/symbol-observable-1.2.0.tgz",
          "integrity": "sha512-e900nM8RRtGhlV36KGEU9k65K3mPb1WV70OdjfxlG2EAuM1noi/E/BaW/uMhL7bPEssK8QV57vN3esixjUvcXQ=="
        }
      }
    },
    "redux-api-middleware": {
      "version": "2.3.0",
      "resolved": "https://registry.npmjs.org/redux-api-middleware/-/redux-api-middleware-2.3.0.tgz",
      "integrity": "sha512-ZXg3O0vGIIrUkjOSxCB3zH+tfgSxs+xOYgZHYzb0Wo7uk478Mk6rl+XyddYneNnULj+ZjwxAHeRJaZavqIrhsA==",
      "requires": {
        "babel-plugin-transform-runtime": "^6.23.0",
        "babel-runtime": "^6.25.0",
        "lodash.isplainobject": "^4.0.6"
      }
    },
    "redux-logger": {
      "version": "3.0.6",
      "resolved": "https://registry.npmjs.org/redux-logger/-/redux-logger-3.0.6.tgz",
      "integrity": "sha1-91VZZvMJjzyIYExEnPC69XeCdL8=",
      "dev": true,
      "requires": {
        "deep-diff": "^0.3.5"
      }
    },
    "redux-thunk": {
      "version": "2.2.0",
      "resolved": "https://registry.npmjs.org/redux-thunk/-/redux-thunk-2.2.0.tgz",
      "integrity": "sha1-5hWhbha0ehmlFXZhM9Hj6Zt4UuU="
    },
    "regenerator-runtime": {
      "version": "0.11.1",
      "resolved": "https://registry.npmjs.org/regenerator-runtime/-/regenerator-runtime-0.11.1.tgz",
      "integrity": "sha512-MguG95oij0fC3QV3URf4V2SDYGJhJnJGqvIIgdECeODCT98wSWDAJ94SSuVpYQUoTcGUIL6L4yNB7j1DFFHSBg=="
    },
    "reselect": {
      "version": "3.0.1",
      "resolved": "https://registry.npmjs.org/reselect/-/reselect-3.0.1.tgz",
      "integrity": "sha1-79qpjqdFEyTQkrKyFjpqHXqaIUc="
    },
    "resolve-pathname": {
      "version": "2.2.0",
      "resolved": "https://registry.npmjs.org/resolve-pathname/-/resolve-pathname-2.2.0.tgz",
      "integrity": "sha512-bAFz9ld18RzJfddgrO2e/0S2O81710++chRMUxHjXOYKF6jTAMrUNZrEZ1PvV0zlhfjidm08iRPdTLPno1FuRg=="
    },
    "setimmediate": {
      "version": "1.0.5",
      "resolved": "https://registry.npmjs.org/setimmediate/-/setimmediate-1.0.5.tgz",
      "integrity": "sha1-KQy7Iy4waULX1+qbg3Mqt4VvgoU="
    },
    "simple-assign": {
      "version": "0.1.0",
      "resolved": "https://registry.npmjs.org/simple-assign/-/simple-assign-0.1.0.tgz",
      "integrity": "sha1-F/0wZqXz13OPUDIbsPFMooHMS6o="
    },
    "symbol-observable": {
      "version": "1.1.0",
      "resolved": "https://registry.npmjs.org/symbol-observable/-/symbol-observable-1.1.0.tgz",
      "integrity": "sha512-dQoid9tqQ+uotGhuTKEY11X4xhyYePVnqGSoSm3OGKh2E8LZ6RPULp1uXTctk33IeERlrRJYoVSBglsL05F5Uw=="
    },
    "tiny-invariant": {
      "version": "0.0.3",
      "resolved": "https://registry.npmjs.org/tiny-invariant/-/tiny-invariant-0.0.3.tgz",
      "integrity": "sha512-SA2YwvDrCITM9fTvHTHRpq9W6L2fBsClbqm3maT5PZux4Z73SPPDYwJMtnoWh6WMgmCkJij/LaOlWiqJqFMK8g=="
    },
    "ua-parser-js": {
      "version": "0.7.17",
      "resolved": "https://registry.npmjs.org/ua-parser-js/-/ua-parser-js-0.7.17.tgz",
      "integrity": "sha512-uRdSdu1oA1rncCQL7sCj8vSyZkgtL7faaw9Tc9rZ3mGgraQ7+Pdx7w5mnOSF3gw9ZNG6oc+KXfkon3bKuROm0g=="
    },
    "value-equal": {
      "version": "0.4.0",
      "resolved": "https://registry.npmjs.org/value-equal/-/value-equal-0.4.0.tgz",
      "integrity": "sha512-x+cYdNnaA3CxvMaTX0INdTCN8m8aF2uY9BvEqmxuYp8bL09cs/kWVQPVGcA35fMktdOsP69IgU7wFj/61dJHEw=="
    },
    "victory": {
      "version": "30.2.0",
      "resolved": "https://registry.npmjs.org/victory/-/victory-30.2.0.tgz",
      "integrity": "sha512-QbPEka+FrzdJykQ4eVArBxLCYeNH/gwIkh/pnyGjQMaoHrZ5YSSkvQwNdRhBO5Tg+yn//dw/PoEJ9Wi9+Wf85w==",
      "requires": {
        "victory-area": "^30.2.0",
        "victory-axis": "^30.2.0",
        "victory-bar": "^30.2.0",
        "victory-box-plot": "^30.2.0",
        "victory-brush-container": "^30.2.0",
        "victory-brush-line": "^30.2.0",
        "victory-candlestick": "^30.2.0",
        "victory-chart": "^30.2.0",
        "victory-core": "^30.2.0",
        "victory-create-container": "^30.2.0",
        "victory-cursor-container": "^30.2.0",
        "victory-errorbar": "^30.2.0",
        "victory-group": "^30.2.0",
        "victory-legend": "^30.2.0",
        "victory-line": "^30.2.0",
        "victory-pie": "^30.2.0",
        "victory-polar-axis": "^30.2.0",
        "victory-scatter": "^30.2.0",
        "victory-selection-container": "^30.2.0",
        "victory-shared-events": "^30.2.0",
        "victory-stack": "^30.2.0",
        "victory-tooltip": "^30.2.0",
        "victory-voronoi": "^30.2.0",
        "victory-voronoi-container": "^30.2.0",
        "victory-zoom-container": "^30.2.0"
      }
    },
    "victory-area": {
      "version": "30.2.0",
      "resolved": "https://registry.npmjs.org/victory-area/-/victory-area-30.2.0.tgz",
      "integrity": "sha512-KCKC88PZ7lHaAY+qWpvZrR8zmTLj7kA2fL6nli9rCoHvE7REoCIZ9jcHOeRbHSNHuhZXgcDguzgY6lgxcNsZhQ==",
      "requires": {
        "d3-shape": "^1.2.0",
        "lodash": "^4.17.5",
        "prop-types": "^15.5.8",
        "victory-core": "^30.2.0"
      }
    },
    "victory-axis": {
      "version": "30.2.0",
      "resolved": "https://registry.npmjs.org/victory-axis/-/victory-axis-30.2.0.tgz",
      "integrity": "sha512-6Ct/7ULWOjaDPX5yb4A2E2jeC3L6V8KI8fTeNDH9XjEmLhea12tRfkcif1z1dqvZaFF91xuZwFjIFDP9tGoZsg==",
      "requires": {
        "lodash": "^4.17.5",
        "prop-types": "^15.5.8",
        "victory-core": "^30.2.0"
      }
    },
    "victory-bar": {
      "version": "30.2.0",
      "resolved": "https://registry.npmjs.org/victory-bar/-/victory-bar-30.2.0.tgz",
      "integrity": "sha512-2g4HuPVCe2HoV9m2F+OA66o/SnnX2I3ievfokSEQwqNqMz28dqBQq73wNHUcC8ZXve8LGbhtadoRKkHWrt6+wA==",
      "requires": {
        "d3-shape": "^1.2.0",
        "lodash": "^4.17.5",
        "prop-types": "^15.5.8",
        "victory-core": "^30.2.0"
      }
    },
    "victory-box-plot": {
      "version": "30.2.0",
      "resolved": "https://registry.npmjs.org/victory-box-plot/-/victory-box-plot-30.2.0.tgz",
      "integrity": "sha512-pEs+ztyqVEj/syiBwE5apaW0KCgvvA1knug7IggrO0EyKWUxOXysBzC3Pj1HWs5fRA4NyC+abSP3t/7tqWelcg==",
      "requires": {
        "d3-array": "^1.2.0",
        "lodash": "^4.17.5",
        "prop-types": "^15.5.8",
        "victory-core": "^30.2.0"
      }
    },
    "victory-brush-container": {
      "version": "30.2.0",
      "resolved": "https://registry.npmjs.org/victory-brush-container/-/victory-brush-container-30.2.0.tgz",
      "integrity": "sha512-SCRTT81ePKhr4p1L2XzR3dA7GsSKIB2NohwU/E+CLP0UL2od+Ym7rkmbFyxEnmY7laBcZowTR3dfdiIT+/OiZA==",
      "requires": {
        "lodash": "^4.17.5",
        "prop-types": "^15.5.8",
        "victory-core": "^30.2.0"
      }
    },
    "victory-brush-line": {
      "version": "30.2.0",
      "resolved": "https://registry.npmjs.org/victory-brush-line/-/victory-brush-line-30.2.0.tgz",
      "integrity": "sha512-VUMdFH4AJPYEs8XVl474xLgsT2VTGesrU+jSK/fJTFZtFrc9SQA18R4htf/lEXzNgOcvJqMEZX1Ol+Y0URQK4g==",
      "requires": {
        "lodash": "^4.17.5",
        "prop-types": "^15.5.8",
        "victory-core": "^30.2.0"
      }
    },
    "victory-candlestick": {
      "version": "30.2.0",
      "resolved": "https://registry.npmjs.org/victory-candlestick/-/victory-candlestick-30.2.0.tgz",
      "integrity": "sha512-JpkzRliO3K1WoEWCR/G0upkujFrDT+EbNG54xO15c+Je9AWi5wBUNbDCXl1C4xNKoHilqqIVY9AszQBhLKeY1A==",
      "requires": {
        "lodash": "^4.17.5",
        "prop-types": "^15.5.8",
        "victory-core": "^30.2.0"
      }
    },
    "victory-chart": {
      "version": "30.2.0",
      "resolved": "https://registry.npmjs.org/victory-chart/-/victory-chart-30.2.0.tgz",
      "integrity": "sha512-ugeF7THty6mLelPuy/u/KDDyq7s2fDUA9Dy+F1MQTZ7J3z9MDaQWN8fj3Wley+LH3em6XTkQMXs7iHxo0A0CQQ==",
      "requires": {
        "lodash": "^4.17.5",
        "prop-types": "^15.5.8",
        "react-fast-compare": "^2.0.0",
        "victory-axis": "^30.2.0",
        "victory-core": "^30.2.0",
        "victory-polar-axis": "^30.2.0",
        "victory-shared-events": "^30.2.0"
      }
    },
    "victory-core": {
      "version": "30.2.0",
      "resolved": "https://registry.npmjs.org/victory-core/-/victory-core-30.2.0.tgz",
      "integrity": "sha512-kYUwMhIV4NU6SSFzVgCgkFeImCzpMOPRwZHrfhRqFAtqYjfQqaTGtjj6MmRTiUigdEaWd37wWS4Ib2SgRxu9eg==",
      "requires": {
        "d3-ease": "^1.0.0",
        "d3-interpolate": "^1.1.1",
        "d3-scale": "^1.0.0",
        "d3-shape": "^1.2.0",
        "d3-timer": "^1.0.0",
        "lodash": "^4.17.5",
        "prop-types": "^15.5.8",
        "react-fast-compare": "^2.0.0"
      }
    },
    "victory-create-container": {
      "version": "30.2.0",
      "resolved": "https://registry.npmjs.org/victory-create-container/-/victory-create-container-30.2.0.tgz",
      "integrity": "sha512-2xjnkzkt4Umk+ftT9/4+0WuMlvnutz44TdsxPdUmhhXn7EiMEmefpyRsG6N5PkWwiBxA367nU2BewZdCObxDkg==",
      "requires": {
        "lodash": "^4.17.5",
        "victory-brush-container": "^30.2.0",
        "victory-core": "^30.2.0",
        "victory-cursor-container": "^30.2.0",
        "victory-selection-container": "^30.2.0",
        "victory-voronoi-container": "^30.2.0",
        "victory-zoom-container": "^30.2.0"
      }
    },
    "victory-cursor-container": {
      "version": "30.2.0",
      "resolved": "https://registry.npmjs.org/victory-cursor-container/-/victory-cursor-container-30.2.0.tgz",
      "integrity": "sha512-UORQ4SvyW7VZjvZHBbAUrON03sQMvkqne6urFpCAMTQXd/iEZuxymOV4tSX7wezygljjKJx8lCzdnXOE05M06Q==",
      "requires": {
        "lodash": "^4.17.5",
        "prop-types": "^15.5.8",
        "victory-core": "^30.2.0"
      }
    },
    "victory-errorbar": {
      "version": "30.2.0",
      "resolved": "https://registry.npmjs.org/victory-errorbar/-/victory-errorbar-30.2.0.tgz",
      "integrity": "sha512-j3Z2WKYZFfXEAmZNBYOnaBQvOJPtnndAH+i6apa6rRIMiYOnH+24VyIHY4+bfcYqLlqaYG3kO7OjK8R6pRsO6A==",
      "requires": {
        "lodash": "^4.17.5",
        "prop-types": "^15.5.8",
        "victory-core": "^30.2.0"
      }
    },
    "victory-group": {
      "version": "30.2.0",
      "resolved": "https://registry.npmjs.org/victory-group/-/victory-group-30.2.0.tgz",
      "integrity": "sha512-1U/VYuh8huU9faoIJBl7wqO2965RjdWN5+6IXK0FE7ZWphG/aLTn8GXWx1Pq2Cc06z9OGuynm6Kbu4fPSSwzSg==",
      "requires": {
        "lodash": "^4.17.5",
        "prop-types": "^15.5.8",
        "victory-core": "^30.2.0"
      }
    },
    "victory-legend": {
      "version": "30.2.0",
      "resolved": "https://registry.npmjs.org/victory-legend/-/victory-legend-30.2.0.tgz",
      "integrity": "sha512-jGSpgx25d8tQPt53fG1ER7FOMA/6OwxKbARhIHrewQwMotAURi4ZlO2bU42hTGkDmFCWJ9HAtPIACOzhpAkqaQ==",
      "requires": {
        "lodash": "^4.17.5",
        "prop-types": "^15.5.8",
        "victory-core": "^30.2.0"
      }
    },
    "victory-line": {
      "version": "30.2.0",
      "resolved": "https://registry.npmjs.org/victory-line/-/victory-line-30.2.0.tgz",
      "integrity": "sha512-U9dcMYB1a6xTTlpZr24UhnDx9P/+ssgENgSuBoBs9W6t36iPOzp+wGZ98tuobJ/jA0g/O1kXZjncB3Pz4g/eOA==",
      "requires": {
        "d3-shape": "^1.2.0",
        "lodash": "^4.17.5",
        "prop-types": "^15.5.8",
        "victory-core": "^30.2.0"
      }
    },
    "victory-pie": {
      "version": "30.2.0",
      "resolved": "https://registry.npmjs.org/victory-pie/-/victory-pie-30.2.0.tgz",
      "integrity": "sha512-S2NsbCANv2q8zoSizz02qLq3DIYAoHLPzEIr8WfvsPPwuZikfUJn4E1VRj3vb7pH6n/j+0J+adh2EZDr5sd1QA==",
      "requires": {
        "d3-shape": "^1.0.0",
        "lodash": "^4.17.5",
        "prop-types": "^15.5.8",
        "victory-core": "^30.2.0"
      }
    },
    "victory-polar-axis": {
      "version": "30.2.0",
      "resolved": "https://registry.npmjs.org/victory-polar-axis/-/victory-polar-axis-30.2.0.tgz",
      "integrity": "sha512-4nroZhRaA4NK2qwz7JD6IxLcdfircb8RvwSRmJ2jTKnPw43lw1deZ3KYXaldQV1viDu6PqUUNpAgpxMtEWiBYw==",
      "requires": {
        "lodash": "^4.17.5",
        "prop-types": "^15.5.8",
        "victory-core": "^30.2.0"
      }
    },
    "victory-scatter": {
      "version": "30.2.0",
      "resolved": "https://registry.npmjs.org/victory-scatter/-/victory-scatter-30.2.0.tgz",
      "integrity": "sha512-6UBY7VnbnYEG21hlCp5R4+ZOckzvJDltSUqSOcTxZgzN9q41WeadI7x+K+zwDcGVVCNG5cquVZhT8RB8yORaaw==",
      "requires": {
        "lodash": "^4.17.5",
        "prop-types": "^15.5.8",
        "victory-core": "^30.2.0"
      }
    },
    "victory-selection-container": {
      "version": "30.2.0",
      "resolved": "https://registry.npmjs.org/victory-selection-container/-/victory-selection-container-30.2.0.tgz",
      "integrity": "sha512-ssMvWrA5HaI0wT8FKBOsWAp2ggJt0mPRG/XspH1hH+KWUg9REHCAjBIwZZenvlMUkivFNDUCQ9J5YijJHz2osA==",
      "requires": {
        "lodash": "^4.17.5",
        "prop-types": "^15.5.8",
        "victory-core": "^30.2.0"
      }
    },
    "victory-shared-events": {
      "version": "30.2.0",
      "resolved": "https://registry.npmjs.org/victory-shared-events/-/victory-shared-events-30.2.0.tgz",
      "integrity": "sha512-Y47Zuv6z+es29FWtGT8dZ97phpVrvMYWSfTtGwOo/amEGnpUtnPra7rey4o0f7guDXHC945W/v0CpFTTJHV0yg==",
      "requires": {
        "lodash": "^4.17.5",
        "prop-types": "^15.5.8",
        "victory-core": "^30.2.0"
      }
    },
    "victory-stack": {
      "version": "30.2.0",
      "resolved": "https://registry.npmjs.org/victory-stack/-/victory-stack-30.2.0.tgz",
      "integrity": "sha512-l0Tdzo874rdx+P8HDlM8OhSDEDiieiBqZLDchlPP18MbM1iqdsjBOwBvcR2tGPu7rnnehCq/YcvZE1CqXE72xA==",
      "requires": {
        "lodash": "^4.17.5",
        "prop-types": "^15.5.8",
        "victory-core": "^30.2.0"
      }
    },
    "victory-tooltip": {
      "version": "30.2.0",
      "resolved": "https://registry.npmjs.org/victory-tooltip/-/victory-tooltip-30.2.0.tgz",
      "integrity": "sha512-rq4ILxx7K3BJ8qGCduZ7XaL/Mk3y5NgySwc7wym2ZmpnDQcczhSjIj2yBi24YMzSObSYxMB2d3lmsz0PAD1nrQ==",
      "requires": {
        "lodash": "^4.17.5",
        "prop-types": "^15.5.8",
        "victory-core": "^30.2.0"
      }
    },
    "victory-voronoi": {
      "version": "30.2.0",
      "resolved": "https://registry.npmjs.org/victory-voronoi/-/victory-voronoi-30.2.0.tgz",
      "integrity": "sha512-7q7jJnPjDA65ue3uZf3Dfd8Oob6LTpLzRCYKwjKqHgNaxxG4IXxR8iWZSPX47omldLAspHCdOp+KELXV8H0Q8w==",
      "requires": {
        "d3-voronoi": "^1.1.2",
        "lodash": "^4.17.5",
        "prop-types": "^15.5.8",
        "victory-core": "^30.2.0"
      }
    },
    "victory-voronoi-container": {
      "version": "30.2.0",
      "resolved": "https://registry.npmjs.org/victory-voronoi-container/-/victory-voronoi-container-30.2.0.tgz",
      "integrity": "sha512-ZrX2Tb+TcjrtTV5tM72tK2WApLy9QK9qI4QR6S3FkoBhFNjLGf2PT0BnFHooOQwa66GKIcvjxJVbos7Xdzt6HA==",
      "requires": {
        "d3-voronoi": "^1.1.2",
        "lodash": "^4.17.5",
        "prop-types": "^15.5.8",
        "victory-core": "^30.2.0",
        "victory-tooltip": "^30.2.0"
      }
    },
    "victory-zoom-container": {
      "version": "30.2.0",
      "resolved": "https://registry.npmjs.org/victory-zoom-container/-/victory-zoom-container-30.2.0.tgz",
      "integrity": "sha512-S7TCXc68jmEYa+Y4aXakufxzZnDq2YUBHPkkWjb+wAyd0WvqLGrsXfbx9gvQ1EKKfbNYND54WgXFh9ycDnC21g==",
      "requires": {
        "lodash": "^4.17.5",
        "prop-types": "^15.5.8",
        "victory-core": "^30.2.0"
      }
    },
    "warning": {
      "version": "3.0.0",
      "resolved": "https://registry.npmjs.org/warning/-/warning-3.0.0.tgz",
      "integrity": "sha1-MuU3fLVy3kqwR1O9+IIcAe1gW3w=",
      "requires": {
        "loose-envify": "^1.0.0"
      }
    },
    "whatwg-fetch": {
      "version": "2.0.3",
      "resolved": "https://registry.npmjs.org/whatwg-fetch/-/whatwg-fetch-2.0.3.tgz",
      "integrity": "sha1-nITsLc9oGH/wC8ZOEnS0QhduHIQ="
    }
  }
}
